
Microsoft Visual Studio Solution File, Format Version 12.00
# Visual Studio Version 16
VisualStudioVersion = 16.0.30128.74
MinimumVisualStudioVersion = 10.0.40219.1
Project("{FAE04EC0-301F-11D3-BF4B-00C04F79EFBC}") = "AabLive", "AabLive\AabLive.csproj", "{BE87618B-16B2-4941-8F1E-A58865E81406}"
EndProject
Project("{FAE04EC0-301F-11D3-BF4B-00C04F79EFBC}") = "AabLive.Workers", "AabLive.Workers\AabLive.Workers.csproj", "{B56A3E2B-7465-472F-B540-4EF30D30906F}"
EndProject
Global
	GlobalSection(SolutionConfigurationPlatforms) = preSolution
		Debug|Any CPU = Debug|Any CPU
		Release|Any CPU = Release|Any CPU
	EndGlobalSection
	GlobalSection(ProjectConfigurationPlatforms) = postSolution
		{BE87618B-16B2-4941-8F1E-A58865E81406}.Debug|Any CPU.ActiveCfg = Debug|Any CPU
		{BE87618B-16B2-4941-8F1E-A58865E81406}.Debug|Any CPU.Build.0 = Debug|Any CPU
		{BE87618B-16B2-4941-8F1E-A58865E81406}.Release|Any CPU.ActiveCfg = Release|Any CPU
		{BE87618B-16B2-4941-8F1E-A58865E81406}.Release|Any CPU.Build.0 = Release|Any CPU
		{B56A3E2B-7465-472F-B540-4EF30D30906F}.Debug|Any CPU.ActiveCfg = Debug|Any CPU
		{B56A3E2B-7465-472F-B540-4EF30D30906F}.Debug|Any CPU.Build.0 = Debug|Any CPU
		{B56A3E2B-7465-472F-B540-4EF30D30906F}.Release|Any CPU.ActiveCfg = Release|Any CPU
		{B56A3E2B-7465-472F-B540-4EF30D30906F}.Release|Any CPU.Build.0 = Release|Any CPU
	EndGlobalSection
	GlobalSection(SolutionProperties) = preSolution
		HideSolutionNode = FALSE
	EndGlobalSection
	GlobalSection(ExtensibilityGlobals) = postSolution
		SolutionGuid = {68F0AC0D-BC82-4557-9C4E-C0A58366149F}
	EndGlobalSection
EndGlobal
